
Microsoft Visual Studio Solution File, Format Version 12.00
# Visual Studio Version 16
VisualStudioVersion = 16.0.31727.386
MinimumVisualStudioVersion = 10.0.40219.1
Project("{FAE04EC0-301F-11D3-BF4B-00C04F79EFBC}") = "DesafioDoPenalti", "DesafioDoPenalti\DesafioDoPenalti.csproj", "{C7BBA1AA-A207-4BE0-95F3-DF7A654F079C}"
EndProject
Global
	GlobalSection(SolutionConfigurationPlatforms) = preSolution
		Debug|Any CPU = Debug|Any CPU
		Release|Any CPU = Release|Any CPU
	EndGlobalSection
	GlobalSection(ProjectConfigurationPlatforms) = postSolution
		{C7BBA1AA-A207-4BE0-95F3-DF7A654F079C}.Debug|Any CPU.ActiveCfg = Debug|Any CPU
		{C7BBA1AA-A207-4BE0-95F3-DF7A654F079C}.Debug|Any CPU.Build.0 = Debug|Any CPU
		{C7BBA1AA-A207-4BE0-95F3-DF7A654F079C}.Release|Any CPU.ActiveCfg = Release|Any CPU
		{C7BBA1AA-A207-4BE0-95F3-DF7A654F079C}.Release|Any CPU.Build.0 = Release|Any CPU
	EndGlobalSection
	GlobalSection(SolutionProperties) = preSolution
		HideSolutionNode = FALSE
	EndGlobalSection
	GlobalSection(ExtensibilityGlobals) = postSolution
		SolutionGuid = {64CD6F52-7EE1-4577-9731-9DF63006A338}
	EndGlobalSection
EndGlobal
